{
  "name": "demo",
  "version": "1.0.0",
  "lockfileVersion": 1,
  "requires": true,
  "dependencies": {
    "clientside-require": {
      "version": "4.5.1",
      "resolved": "https://registry.npmjs.org/clientside-require/-/clientside-require-4.5.1.tgz",
      "integrity": "sha512-QDtt1f96XeLE6nEczHoIw+wxUZNU+t3HqkEJeuEaM2WEI8hwC5sNYjW+4OaYgHCEeH+Y1m4z6gKxxussZvuidg==",
      "requires": {
        "dynamic-serial-promise-all": "1.1.0"
      }
    },
    "clientside-view-button": {
      "version": "2.1.0",
      "resolved": "https://registry.npmjs.org/clientside-view-button/-/clientside-view-button-2.1.0.tgz",
      "integrity": "sha512-ps/fbq6m/zAGSnMWSozkBBcS3yCrYogYfbdj86gTNZNEpZ/Re/c9MdyuHymf3TS968U6Ofwjn4LECXbtxq9kxg==",
      "requires": {
        "clientside-require": "4.5.1",
        "clientside-view-loader": "2.7.3"
      }
    },
    "clientside-view-loader": {
      "version": "2.7.3",
      "resolved": "https://registry.npmjs.org/clientside-view-loader/-/clientside-view-loader-2.7.3.tgz",
      "integrity": "sha512-YJYCKCOVjyaxyXeiRILYqD67vyyX3x73qQFIIkEKVJXo8vWWeKfKarmaLCvC6xil8CeSnIgykB4OPtpT3KYktA==",
      "requires": {
        "clientside-require": "4.5.1"
      }
    },
    "dynamic-serial-promise-all": {
      "version": "1.1.0",
      "resolved": "https://registry.npmjs.org/dynamic-serial-promise-all/-/dynamic-serial-promise-all-1.1.0.tgz",
      "integrity": "sha512-cA4E9p23nU5VRlWJNN4ycauD4zao0/gtdqXwOinJ8+DvwOXQbnE/PaDGBL+uUW6AydhLON20dWy0F+4Bd44zbQ=="
    },
    "sortablejs": {
      "version": "1.7.0",
      "resolved": "https://registry.npmjs.org/sortablejs/-/sortablejs-1.7.0.tgz",
      "integrity": "sha1-gKKyNwq9Vo4c7IwnETHvMKkE+ig="
    }
  }
}
